
Microsoft Visual Studio Solution File, Format Version 12.00
# Visual Studio Version 16
VisualStudioVersion = 16.0.29911.84
MinimumVisualStudioVersion = 10.0.40219.1
Project("{FAE04EC0-301F-11D3-BF4B-00C04F79EFBC}") = "App1.Android", "App1\App1.Android\App1.Android.csproj", "{BDB27F6D-3881-4F6F-86B9-5B3CB9D7967B}"
EndProject
Project("{FAE04EC0-301F-11D3-BF4B-00C04F79EFBC}") = "App1.iOS", "App1\App1.iOS\App1.iOS.csproj", "{F704B1BC-8C78-4927-A74E-38C018439571}"
EndProject
Project("{FAE04EC0-301F-11D3-BF4B-00C04F79EFBC}") = "App1", "App1\App1\App1.csproj", "{094D596A-C3D7-444A-A960-F3D5BFC97641}"
EndProject
Global
	GlobalSection(SolutionConfigurationPlatforms) = preSolution
		Debug|Any CPU = Debug|Any CPU
		Debug|iPhone = Debug|iPhone
		Debug|iPhoneSimulator = Debug|iPhoneSimulator
		Release|Any CPU = Release|Any CPU
		Release|iPhone = Release|iPhone
		Release|iPhoneSimulator = Release|iPhoneSimulator
	EndGlobalSection
	GlobalSection(ProjectConfigurationPlatforms) = postSolution
		{BDB27F6D-3881-4F6F-86B9-5B3CB9D7967B}.Debug|Any CPU.ActiveCfg = Debug|Any CPU
		{BDB27F6D-3881-4F6F-86B9-5B3CB9D7967B}.Debug|Any CPU.Build.0 = Debug|Any CPU
		{BDB27F6D-3881-4F6F-86B9-5B3CB9D7967B}.Debug|Any CPU.Deploy.0 = Debug|Any CPU
		{BDB27F6D-3881-4F6F-86B9-5B3CB9D7967B}.Debug|iPhone.ActiveCfg = Debug|Any CPU
		{BDB27F6D-3881-4F6F-86B9-5B3CB9D7967B}.Debug|iPhone.Build.0 = Debug|Any CPU
		{BDB27F6D-3881-4F6F-86B9-5B3CB9D7967B}.Debug|iPhone.Deploy.0 = Debug|Any CPU
		{BDB27F6D-3881-4F6F-86B9-5B3CB9D7967B}.Debug|iPhoneSimulator.ActiveCfg = Debug|Any CPU
		{BDB27F6D-3881-4F6F-86B9-5B3CB9D7967B}.Debug|iPhoneSimulator.Build.0 = Debug|Any CPU
		{BDB27F6D-3881-4F6F-86B9-5B3CB9D7967B}.Debug|iPhoneSimulator.Deploy.0 = Debug|Any CPU
		{BDB27F6D-3881-4F6F-86B9-5B3CB9D7967B}.Release|Any CPU.ActiveCfg = Release|Any CPU
		{BDB27F6D-3881-4F6F-86B9-5B3CB9D7967B}.Release|Any CPU.Build.0 = Release|Any CPU
		{BDB27F6D-3881-4F6F-86B9-5B3CB9D7967B}.Release|Any CPU.Deploy.0 = Release|Any CPU
		{BDB27F6D-3881-4F6F-86B9-5B3CB9D7967B}.Release|iPhone.ActiveCfg = Release|Any CPU
		{BDB27F6D-3881-4F6F-86B9-5B3CB9D7967B}.Release|iPhone.Build.0 = Release|Any CPU
		{BDB27F6D-3881-4F6F-86B9-5B3CB9D7967B}.Release|iPhone.Deploy.0 = Release|Any CPU
		{BDB27F6D-3881-4F6F-86B9-5B3CB9D7967B}.Release|iPhoneSimulator.ActiveCfg = Release|Any CPU
		{BDB27F6D-3881-4F6F-86B9-5B3CB9D7967B}.Release|iPhoneSimulator.Build.0 = Release|Any CPU
		{BDB27F6D-3881-4F6F-86B9-5B3CB9D7967B}.Release|iPhoneSimulator.Deploy.0 = Release|Any CPU
		{F704B1BC-8C78-4927-A74E-38C018439571}.Debug|Any CPU.ActiveCfg = Debug|iPhone
		{F704B1BC-8C78-4927-A74E-38C018439571}.Debug|Any CPU.Build.0 = Debug|iPhone
		{F704B1BC-8C78-4927-A74E-38C018439571}.Debug|Any CPU.Deploy.0 = Debug|iPhone
		{F704B1BC-8C78-4927-A74E-38C018439571}.Debug|iPhone.ActiveCfg = Debug|iPhone
		{F704B1BC-8C78-4927-A74E-38C018439571}.Debug|iPhone.Build.0 = Debug|iPhone
		{F704B1BC-8C78-4927-A74E-38C018439571}.Debug|iPhone.Deploy.0 = Debug|iPhone
		{F704B1BC-8C78-4927-A74E-38C018439571}.Debug|iPhoneSimulator.ActiveCfg = Debug|iPhoneSimulator
		{F704B1BC-8C78-4927-A74E-38C018439571}.Debug|iPhoneSimulator.Build.0 = Debug|iPhoneSimulator
		{F704B1BC-8C78-4927-A74E-38C018439571}.Debug|iPhoneSimulator.Deploy.0 = Debug|iPhoneSimulator
		{F704B1BC-8C78-4927-A74E-38C018439571}.Release|Any CPU.ActiveCfg = Release|iPhone
		{F704B1BC-8C78-4927-A74E-38C018439571}.Release|Any CPU.Build.0 = Release|iPhone
		{F704B1BC-8C78-4927-A74E-38C018439571}.Release|Any CPU.Deploy.0 = Release|iPhone
		{F704B1BC-8C78-4927-A74E-38C018439571}.Release|iPhone.ActiveCfg = Release|iPhone
		{F704B1BC-8C78-4927-A74E-38C018439571}.Release|iPhone.Build.0 = Release|iPhone
		{F704B1BC-8C78-4927-A74E-38C018439571}.Release|iPhone.Deploy.0 = Release|iPhone
		{F704B1BC-8C78-4927-A74E-38C018439571}.Release|iPhoneSimulator.ActiveCfg = Release|iPhoneSimulator
		{F704B1BC-8C78-4927-A74E-38C018439571}.Release|iPhoneSimulator.Build.0 = Release|iPhoneSimulator
		{F704B1BC-8C78-4927-A74E-38C018439571}.Release|iPhoneSimulator.Deploy.0 = Release|iPhoneSimulator
		{094D596A-C3D7-444A-A960-F3D5BFC97641}.Debug|Any CPU.ActiveCfg = Debug|Any CPU
		{094D596A-C3D7-444A-A960-F3D5BFC97641}.Debug|Any CPU.Build.0 = Debug|Any CPU
		{094D596A-C3D7-444A-A960-F3D5BFC97641}.Debug|Any CPU.Deploy.0 = Debug|Any CPU
		{094D596A-C3D7-444A-A960-F3D5BFC97641}.Debug|iPhone.ActiveCfg = Debug|Any CPU
		{094D596A-C3D7-444A-A960-F3D5BFC97641}.Debug|iPhone.Build.0 = Debug|Any CPU
		{094D596A-C3D7-444A-A960-F3D5BFC97641}.Debug|iPhone.Deploy.0 = Debug|Any CPU
		{094D596A-C3D7-444A-A960-F3D5BFC97641}.Debug|iPhoneSimulator.ActiveCfg = Debug|Any CPU
		{094D596A-C3D7-444A-A960-F3D5BFC97641}.Debug|iPhoneSimulator.Build.0 = Debug|Any CPU
		{094D596A-C3D7-444A-A960-F3D5BFC97641}.Debug|iPhoneSimulator.Deploy.0 = Debug|Any CPU
		{094D596A-C3D7-444A-A960-F3D5BFC97641}.Release|Any CPU.ActiveCfg = Release|Any CPU
		{094D596A-C3D7-444A-A960-F3D5BFC97641}.Release|Any CPU.Build.0 = Release|Any CPU
		{094D596A-C3D7-444A-A960-F3D5BFC97641}.Release|Any CPU.Deploy.0 = Release|Any CPU
		{094D596A-C3D7-444A-A960-F3D5BFC97641}.Release|iPhone.ActiveCfg = Release|Any CPU
		{094D596A-C3D7-444A-A960-F3D5BFC97641}.Release|iPhone.Build.0 = Release|Any CPU
		{094D596A-C3D7-444A-A960-F3D5BFC97641}.Release|iPhone.Deploy.0 = Release|Any CPU
		{094D596A-C3D7-444A-A960-F3D5BFC97641}.Release|iPhoneSimulator.ActiveCfg = Release|Any CPU
		{094D596A-C3D7-444A-A960-F3D5BFC97641}.Release|iPhoneSimulator.Build.0 = Release|Any CPU
		{094D596A-C3D7-444A-A960-F3D5BFC97641}.Release|iPhoneSimulator.Deploy.0 = Release|Any CPU
	EndGlobalSection
	GlobalSection(SolutionProperties) = preSolution
		HideSolutionNode = FALSE
	EndGlobalSection
	GlobalSection(ExtensibilityGlobals) = postSolution
		SolutionGuid = {178D579A-4FAB-4DA8-A219-09C8FE96EB13}
	EndGlobalSection
EndGlobal
